
Microsoft Visual Studio Solution File, Format Version 12.00
# Visual Studio Version 17
VisualStudioVersion = 17.11.35327.3
MinimumVisualStudioVersion = 10.0.40219.1
Project("{FAE04EC0-301F-11D3-BF4B-00C04F79EFBC}") = "SchoolManagementSystem", "SchoolManagementSystem\SchoolManagementSystem.csproj", "{1BD3A810-37D9-4BC3-8F86-997E288FDA25}"
EndProject
Project("{FAE04EC0-301F-11D3-BF4B-00C04F79EFBC}") = "SchoolManagementSystem.Services", "SchoolManagementSystem.Services\SchoolManagementSystem.Services.csproj", "{A3821A37-D650-4E7E-B849-E75F538CB301}"
EndProject
Project("{FAE04EC0-301F-11D3-BF4B-00C04F79EFBC}") = "SchoolManagementSystem.Infrastructure", "SchoolManagementSystem.Infrastructure\SchoolManagementSystem.Infrastructure.csproj", "{0C7442AD-4FFB-4B45-908A-D8AA8B3A58E1}"
EndProject
Global
	GlobalSection(SolutionConfigurationPlatforms) = preSolution
		Debug|Any CPU = Debug|Any CPU
		Release|Any CPU = Release|Any CPU
	EndGlobalSection
	GlobalSection(ProjectConfigurationPlatforms) = postSolution
		{1BD3A810-37D9-4BC3-8F86-997E288FDA25}.Debug|Any CPU.ActiveCfg = Debug|Any CPU
		{1BD3A810-37D9-4BC3-8F86-997E288FDA25}.Debug|Any CPU.Build.0 = Debug|Any CPU
		{1BD3A810-37D9-4BC3-8F86-997E288FDA25}.Release|Any CPU.ActiveCfg = Release|Any CPU
		{1BD3A810-37D9-4BC3-8F86-997E288FDA25}.Release|Any CPU.Build.0 = Release|Any CPU
		{A3821A37-D650-4E7E-B849-E75F538CB301}.Debug|Any CPU.ActiveCfg = Debug|Any CPU
		{A3821A37-D650-4E7E-B849-E75F538CB301}.Debug|Any CPU.Build.0 = Debug|Any CPU
		{A3821A37-D650-4E7E-B849-E75F538CB301}.Release|Any CPU.ActiveCfg = Release|Any CPU
		{A3821A37-D650-4E7E-B849-E75F538CB301}.Release|Any CPU.Build.0 = Release|Any CPU
		{0C7442AD-4FFB-4B45-908A-D8AA8B3A58E1}.Debug|Any CPU.ActiveCfg = Debug|Any CPU
		{0C7442AD-4FFB-4B45-908A-D8AA8B3A58E1}.Debug|Any CPU.Build.0 = Debug|Any CPU
		{0C7442AD-4FFB-4B45-908A-D8AA8B3A58E1}.Release|Any CPU.ActiveCfg = Release|Any CPU
		{0C7442AD-4FFB-4B45-908A-D8AA8B3A58E1}.Release|Any CPU.Build.0 = Release|Any CPU
	EndGlobalSection
	GlobalSection(SolutionProperties) = preSolution
		HideSolutionNode = FALSE
	EndGlobalSection
	GlobalSection(ExtensibilityGlobals) = postSolution
		SolutionGuid = {AAC81CBF-CC21-49A5-BC8E-4EA54FD9FFB7}
	EndGlobalSection
EndGlobal
